
Microsoft Visual Studio Solution File, Format Version 12.00
# Visual Studio Version 17
VisualStudioVersion = 17.5.33516.290
MinimumVisualStudioVersion = 10.0.40219.1
Project("{FAE04EC0-301F-11D3-BF4B-00C04F79EFBC}") = "ControleAlunosMVC", "src\ControleAlunosMVC\ControleAlunosMVC.csproj", "{A3B445EE-5D73-493A-9FF1-07908CBA4E77}"
EndProject
Global
	GlobalSection(SolutionConfigurationPlatforms) = preSolution
		Debug|Any CPU = Debug|Any CPU
		Release|Any CPU = Release|Any CPU
	EndGlobalSection
	GlobalSection(ProjectConfigurationPlatforms) = postSolution
		{A3B445EE-5D73-493A-9FF1-07908CBA4E77}.Debug|Any CPU.ActiveCfg = Debug|Any CPU
		{A3B445EE-5D73-493A-9FF1-07908CBA4E77}.Debug|Any CPU.Build.0 = Debug|Any CPU
		{A3B445EE-5D73-493A-9FF1-07908CBA4E77}.Release|Any CPU.ActiveCfg = Release|Any CPU
		{A3B445EE-5D73-493A-9FF1-07908CBA4E77}.Release|Any CPU.Build.0 = Release|Any CPU
	EndGlobalSection
	GlobalSection(SolutionProperties) = preSolution
		HideSolutionNode = FALSE
	EndGlobalSection
	GlobalSection(ExtensibilityGlobals) = postSolution
		SolutionGuid = {FCA74C50-CA50-41C5-A0F7-F1A7EC955FD9}
	EndGlobalSection
EndGlobal
